// !$*UTF8*$!
{
	archiveVersion = 1;
	classes = {
	};
	objectVersion = 46;
	objects = {

/* Begin PBXBuildFile section */
		A30DC7881CE615490078DF03 /* AppDelegate.swift in Sources */ = {isa = PBXBuildFile; fileRef = A30DC7871CE615490078DF03 /* AppDelegate.swift */; };
		A30DC78A1CE615490078DF03 /* ViewController.swift in Sources */ = {isa = PBXBuildFile; fileRef = A30DC7891CE615490078DF03 /* ViewController.swift */; };
		A30DC78D1CE615490078DF03 /* Main.storyboard in Resources */ = {isa = PBXBuildFile; fileRef = A30DC78B1CE615490078DF03 /* Main.storyboard */; };
		A30DC78F1CE615490078DF03 /* Assets.xcassets in Resources */ = {isa = PBXBuildFile; fileRef = A30DC78E1CE615490078DF03 /* Assets.xcassets */; };
		A30DC7921CE615490078DF03 /* LaunchScreen.storyboard in Resources */ = {isa = PBXBuildFile; fileRef = A30DC7901CE615490078DF03 /* LaunchScreen.storyboard */; };
/* End PBXBuildFile section */

/* Begin PBXFileReference section */
		A30DC7841CE615490078DF03 /* Meetapp.app */ = {isa = PBXFileReference; explicitFileType = wrapper.application; includeInIndex = 0; path = Meetapp.app; sourceTree = BUILT_PRODUCTS_DIR; };
		A30DC7871CE615490078DF03 /* AppDelegate.swift */ = {isa = PBXFileReference; lastKnownFileType = sourcecode.swift; path = AppDelegate.swift; sourceTree = "<group>"; };
		A30DC7891CE615490078DF03 /* ViewController.swift */ = {isa = PBXFileReference; lastKnownFileType = sourcecode.swift; path = ViewController.swift; sourceTree = "<group>"; };
		A30DC78C1CE615490078DF03 /* Base */ = {isa = PBXFileReference; lastKnownFileType = file.storyboard; name = Base; path = Base.lproj/Main.storyboard; sourceTree = "<group>"; };
		A30DC78E1CE615490078DF03 /* Assets.xcassets */ = {isa = PBXFileReference; lastKnownFileType = folder.assetcatalog; path = Assets.xcassets; sourceTree = "<group>"; };
		A30DC7911CE615490078DF03 /* Base */ = {isa = PBXFileReference; lastKnownFileType = file.storyboard; name = Base; path = Base.lproj/LaunchScreen.storyboard; sourceTree = "<group>"; };
		A30DC7931CE615490078DF03 /* Info.plist */ = {isa = PBXFileReference; lastKnownFileType = text.plist.xml; path = Info.plist; sourceTree = "<group>"; };
/* End PBXFileReference section */

/* Begin PBXFrameworksBuildPhase section */
		A30DC7811CE615490078DF03 /* Frameworks */ = {
			isa = PBXFrameworksBuildPhase;
			buildActionMask = 2147483647;
			files = (
			);
			runOnlyForDeploymentPostprocessing = 0;
		};
/* End PBXFrameworksBuildPhase section */

/* Begin PBXGroup section */
		A30DC77B1CE615490078DF03 = {
			isa = PBXGroup;
			children = (
				A30DC7861CE615490078DF03 /* Meetapp */,
				A30DC7851CE615490078DF03 /* Products */,
			);
			sourceTree = "<group>";
		};
		A30DC7851CE615490078DF03 /* Products */ = {
			isa = PBXGroup;
			children = (
				A30DC7841CE615490078DF03 /* Meetapp.app */,
			);
			name = Products;
			sourceTree = "<group>";
		};
		A30DC7861CE615490078DF03 /* Meetapp */ = {
			isa = PBXGroup;
			children = (
				A30DC7871CE615490078DF03 /* AppDelegate.swift */,
				A30DC7891CE615490078DF03 /* ViewController.swift */,
				A30DC78B1CE615490078DF03 /* Main.storyboard */,
				A30DC78E1CE615490078DF03 /* Assets.xcassets */,
				A30DC7901CE615490078DF03 /* LaunchScreen.storyboard */,
				A30DC7931CE615490078DF03 /* Info.plist */,
			);
			path = Meetapp;
			sourceTree = "<group>";
		};
/* End PBXGroup section */

/* Begin PBXNativeTarget section */
		A30DC7831CE615490078DF03 /* Meetapp */ = {
			isa = PBXNativeTarget;
			buildConfigurationList = A30DC7961CE615490078DF03 /* Build configuration list for PBXNativeTarget "Meetapp" */;
			buildPhases = (
				A30DC7801CE615490078DF03 /* Sources */,
				A30DC7811CE615490078DF03 /* Frameworks */,
				A30DC7821CE615490078DF03 /* Resources */,
			);
			buildRules = (
			);
			dependencies = (
			);
			name = Meetapp;
			productName = Meetapp;
			productReference = A30DC7841CE615490078DF03 /* Meetapp.app */;
			productType = "com.apple.product-type.application";
		};
/* End PBXNativeTarget section */

/* Begin PBXProject section */
		A30DC77C1CE615490078DF03 /* Project object */ = {
			isa = PBXProject;
			attributes = {
				LastSwiftUpdateCheck = 0730;
				LastUpgradeCheck = 0730;
				ORGANIZATIONNAME = Azuan;
				TargetAttributes = {
					A30DC7831CE615490078DF03 = {
						CreatedOnToolsVersion = 7.3;
					};
				};
			};
			buildConfigurationList = A30DC77F1CE615490078DF03 /* Build configuration list for PBXProject "Meetapp" */;
			compatibilityVersion = "Xcode 3.2";
			developmentRegion = English;
			hasScannedForEncodings = 0;
			knownRegions = (
				en,
				Base,
			);
			mainGroup = A30DC77B1CE615490078DF03;
			productRefGroup = A30DC7851CE615490078DF03 /* Products */;
			projectDirPath = "";
			projectRoot = "";
			targets = (
				A30DC7831CE615490078DF03 /* Meetapp */,
			);
		};
/* End PBXProject section */

/* Begin PBXResourcesBuildPhase section */
		A30DC7821CE615490078DF03 /* Resources */ = {
			isa = PBXResourcesBuildPhase;
			buildActionMask = 2147483647;
			files = (
				A30DC7921CE615490078DF03 /* LaunchScreen.storyboard in Resources */,
				A30DC78F1CE615490078DF03 /* Assets.xcassets in Resources */,
				A30DC78D1CE615490078DF03 /* Main.storyboard in Resources */,
			);
			runOnlyForDeploymentPostprocessing = 0;
		};
/* End PBXResourcesBuildPhase section */

/* Begin PBXSourcesBuildPhase section */
		A30DC7801CE615490078DF03 /* Sources */ = {
			isa = PBXSourcesBuildPhase;
			buildActionMask = 2147483647;
			files = (
				A30DC78A1CE615490078DF03 /* ViewController.swift in Sources */,
				A30DC7881CE615490078DF03 /* AppDelegate.swift in Sources */,
			);
			runOnlyForDeploymentPostprocessing = 0;
		};
/* End PBXSourcesBuildPhase section */

/* Begin PBXVariantGroup section */
		A30DC78B1CE615490078DF03 /* Main.storyboard */ = {
			isa = PBXVariantGroup;
			children = (
				A30DC78C1CE615490078DF03 /* Base */,
			);
			name = Main.storyboard;
			sourceTree = "<group>";
		};
		A30DC7901CE615490078DF03 /* LaunchScreen.storyboard */ = {
			isa = PBXVariantGroup;
			children = (
				A30DC7911CE615490078DF03 /* Base */,
			);
			name = LaunchScreen.storyboard;
			sourceTree = "<group>";
		};
/* End PBXVariantGroup section */

/* Begin XCBuildConfiguration section */
		A30DC7941CE615490078DF03 /* Debug */ = {
			isa = XCBuildConfiguration;
			buildSettings = {
				ALWAYS_SEARCH_USER_PATHS = NO;
				CLANG_ANALYZER_NONNULL = YES;
				CLANG_CXX_LANGUAGE_STANDARD = "gnu++0x";
				CLANG_CXX_LIBRARY = "libc++";
				CLANG_ENABLE_MODULES = YES;
				CLANG_ENABLE_OBJC_ARC = YES;
				CLANG_WARN_BOOL_CONVERSION = YES;
				CLANG_WARN_CONSTANT_CONVERSION = YES;
				CLANG_WARN_DIRECT_OBJC_ISA_USAGE = YES_ERROR;
				CLANG_WARN_EMPTY_BODY = YES;
				CLANG_WARN_ENUM_CONVERSION = YES;
				CLANG_WARN_INT_CONVERSION = YES;
				CLANG_WARN_OBJC_ROOT_CLASS = YES_ERROR;
				CLANG_WARN_UNREACHABLE_CODE = YES;
				CLANG_WARN__DUPLICATE_METHOD_MATCH = YES;
				"CODE_SIGN_IDENTITY[sdk=iphoneos*]" = "iPhone Developer";
				COPY_PHASE_STRIP = NO;
				DEBUG_INFORMATION_FORMAT = dwarf;
				ENABLE_STRICT_OBJC_MSGSEND = YES;
				ENABLE_TESTABILITY = YES;
				GCC_C_LANGUAGE_STANDARD = gnu99;
				GCC_DYNAMIC_NO_PIC = NO;
				GCC_NO_COMMON_BLOCKS = YES;
				GCC_OPTIMIZATION_LEVEL = 0;
				GCC_PREPROCESSOR_DEFINITIONS = (
					"DEBUG=1",
					"$(inherited)",
				);
				GCC_WARN_64_TO_32_BIT_CONVERSION = YES;
				GCC_WARN_ABOUT_RETURN_TYPE = YES_ERROR;
				GCC_WARN_UNDECLARED_SELECTOR = YES;
				GCC_WARN_UNINITIALIZED_AUTOS = YES_AGGRESSIVE;
				GCC_WARN_UNUSED_FUNCTION = YES;
				GCC_WARN_UNUSED_VARIABLE = YES;
				IPHONEOS_DEPLOYMENT_TARGET = 9.3;
				MTL_ENABLE_DEBUG_INFO = YES;
				ONLY_ACTIVE_ARCH = YES;
				SDKROOT = iphoneos;
				SWIFT_OPTIMIZATION_LEVEL = "-Onone";
				TARGETED_DEVICE_FAMILY = "1,2";
			};
			name = Debug;
		};
		A30DC7951CE615490078DF03 /* Release */ = {
			isa = XCBuildConfiguration;
			buildSettings = {
				ALWAYS_SEARCH_USER_PATHS = NO;
				CLANG_ANALYZER_NONNULL = YES;
				CLANG_CXX_LANGUAGE_STANDARD = "gnu++0x";
				CLANG_CXX_LIBRARY = "libc++";
				CLANG_ENABLE_MODULES = YES;
				CLANG_ENABLE_OBJC_ARC = YES;
				CLANG_WARN_BOOL_CONVERSION = YES;
				CLANG_WARN_CONSTANT_CONVERSION = YES;
				CLANG_WARN_DIRECT_OBJC_ISA_USAGE = YES_ERROR;
				CLANG_WARN_EMPTY_BODY = YES;
				CLANG_WARN_ENUM_CONVERSION = YES;
				CLANG_WARN_INT_CONVERSION = YES;
				CLANG_WARN_OBJC_ROOT_CLASS = YES_ERROR;
				CLANG_WARN_UNREACHABLE_CODE = YES;
				CLANG_WARN__DUPLICATE_METHOD_MATCH = YES;
				"CODE_SIGN_IDENTITY[sdk=iphoneos*]" = "iPhone Developer";
				COPY_PHASE_STRIP = NO;
				DEBUG_INFORMATION_FORMAT = "dwarf-with-dsym";
				ENABLE_NS_ASSERTIONS = NO;
				ENABLE_STRICT_OBJC_MSGSEND = YES;
				GCC_C_LANGUAGE_STANDARD = gnu99;
				GCC_NO_COMMON_BLOCKS = YES;
				GCC_WARN_64_TO_32_BIT_CONVERSION = YES;
				GCC_WARN_ABOUT_RETURN_TYPE = YES_ERROR;
				GCC_WARN_UNDECLARED_SELECTOR = YES;
				GCC_WARN_UNINITIALIZED_AUTOS = YES_AGGRESSIVE;
				GCC_WARN_UNUSED_FUNCTION = YES;
				GCC_WARN_UNUSED_VARIABLE = YES;
				IPHONEOS_DEPLOYMENT_TARGET = 9.3;
				MTL_ENABLE_DEBUG_INFO = NO;
				SDKROOT = iphoneos;
				TARGETED_DEVICE_FAMILY = "1,2";
				VALIDATE_PRODUCT = YES;
			};
			name = Release;
		};
		A30DC7971CE615490078DF03 /* Debug */ = {
			isa = XCBuildConfiguration;
			buildSettings = {
				ASSETCATALOG_COMPILER_APPICON_NAME = AppIcon;
				INFOPLIST_FILE = Meetapp/Info.plist;
				LD_RUNPATH_SEARCH_PATHS = "$(inherited) @executable_path/Frameworks";
				PRODUCT_BUNDLE_IDENTIFIER = com.alienxp03.Meetapp;
				PRODUCT_NAME = "$(TARGET_NAME)";
			};
			name = Debug;
		};
		A30DC7981CE615490078DF03 /* Release */ = {
			isa = XCBuildConfiguration;
			buildSettings = {
				ASSETCATALOG_COMPILER_APPICON_NAME = AppIcon;
				INFOPLIST_FILE = Meetapp/Info.plist;
				LD_RUNPATH_SEARCH_PATHS = "$(inherited) @executable_path/Frameworks";
				PRODUCT_BUNDLE_IDENTIFIER = com.alienxp03.Meetapp;
				PRODUCT_NAME = "$(TARGET_NAME)";
			};
			name = Release;
		};
/* End XCBuildConfiguration section */

/* Begin XCConfigurationList section */
		A30DC77F1CE615490078DF03 /* Build configuration list for PBXProject "Meetapp" */ = {
			isa = XCConfigurationList;
			buildConfigurations = (
				A30DC7941CE615490078DF03 /* Debug */,
				A30DC7951CE615490078DF03 /* Release */,
			);
			defaultConfigurationIsVisible = 0;
			defaultConfigurationName = Release;
		};
		A30DC7961CE615490078DF03 /* Build configuration list for PBXNativeTarget "Meetapp" */ = {
			isa = XCConfigurationList;
			buildConfigurations = (
				A30DC7971CE615490078DF03 /* Debug */,
				A30DC7981CE615490078DF03 /* Release */,
			);
			defaultConfigurationIsVisible = 0;
		};
/* End XCConfigurationList section */
	};
	rootObject = A30DC77C1CE615490078DF03 /* Project object */;
}
